
Microsoft Visual Studio Solution File, Format Version 12.00
# Visual Studio Version 16
VisualStudioVersion = 16.0.31313.79
MinimumVisualStudioVersion = 10.0.40219.1
Project("{FAE04EC0-301F-11D3-BF4B-00C04F79EFBC}") = "Aditum.Core", "Aditum.Core\Aditum.Core.csproj", "{C72597D5-BE52-4F6E-9C1C-297FF4A4070B}"
EndProject
Project("{FAE04EC0-301F-11D3-BF4B-00C04F79EFBC}") = "Aditum.Tests", "Aditum.Tests\Aditum.Tests.csproj", "{D8FE2B26-52C8-4FF1-AB4D-A631155E831A}"
EndProject
Project("{FAE04EC0-301F-11D3-BF4B-00C04F79EFBC}") = "DemoAspNetCoreApp", "DemoAspNetCoreApp\DemoAspNetCoreApp.csproj", "{50788E76-1DD1-4772-A51A-E7360C3BC9C1}"
EndProject
Global
	GlobalSection(SolutionConfigurationPlatforms) = preSolution
		Debug|Any CPU = Debug|Any CPU
		Release|Any CPU = Release|Any CPU
	EndGlobalSection
	GlobalSection(ProjectConfigurationPlatforms) = postSolution
		{C72597D5-BE52-4F6E-9C1C-297FF4A4070B}.Debug|Any CPU.ActiveCfg = Debug|Any CPU
		{C72597D5-BE52-4F6E-9C1C-297FF4A4070B}.Debug|Any CPU.Build.0 = Debug|Any CPU
		{C72597D5-BE52-4F6E-9C1C-297FF4A4070B}.Release|Any CPU.ActiveCfg = Release|Any CPU
		{C72597D5-BE52-4F6E-9C1C-297FF4A4070B}.Release|Any CPU.Build.0 = Release|Any CPU
		{D8FE2B26-52C8-4FF1-AB4D-A631155E831A}.Debug|Any CPU.ActiveCfg = Debug|Any CPU
		{D8FE2B26-52C8-4FF1-AB4D-A631155E831A}.Debug|Any CPU.Build.0 = Debug|Any CPU
		{D8FE2B26-52C8-4FF1-AB4D-A631155E831A}.Release|Any CPU.ActiveCfg = Release|Any CPU
		{D8FE2B26-52C8-4FF1-AB4D-A631155E831A}.Release|Any CPU.Build.0 = Release|Any CPU
		{50788E76-1DD1-4772-A51A-E7360C3BC9C1}.Debug|Any CPU.ActiveCfg = Debug|Any CPU
		{50788E76-1DD1-4772-A51A-E7360C3BC9C1}.Debug|Any CPU.Build.0 = Debug|Any CPU
		{50788E76-1DD1-4772-A51A-E7360C3BC9C1}.Release|Any CPU.ActiveCfg = Release|Any CPU
		{50788E76-1DD1-4772-A51A-E7360C3BC9C1}.Release|Any CPU.Build.0 = Release|Any CPU
	EndGlobalSection
	GlobalSection(SolutionProperties) = preSolution
		HideSolutionNode = FALSE
	EndGlobalSection
	GlobalSection(ExtensibilityGlobals) = postSolution
		SolutionGuid = {ECFA1F2C-1C97-485C-AC87-1DBAA8F7D39D}
	EndGlobalSection
EndGlobal
